
Microsoft Visual Studio Solution File, Format Version 12.00
# Visual Studio 15
VisualStudioVersion = 15.0.27004.2008
MinimumVisualStudioVersion = 10.0.40219.1
Project("{F184B08F-C81C-45F6-A57F-5ABD9991F28F}") = "GameHelpers", "GameHelpers.vbproj", "{304B57B3-3BE9-4081-8723-BEC4B17D32A5}"
EndProject
Project("{FAE04EC0-301F-11D3-BF4B-00C04F79EFBC}") = "SocketHelpers", "..\SocketHelpers\SocketHelpers.csproj", "{9E74D0A7-1E4C-4E2A-8B80-C281565D494A}"
	ProjectSection(ProjectDependencies) = postProject
		{304B57B3-3BE9-4081-8723-BEC4B17D32A5} = {304B57B3-3BE9-4081-8723-BEC4B17D32A5}
	EndProjectSection
EndProject
Global
	GlobalSection(SolutionConfigurationPlatforms) = preSolution
		Debug|Any CPU = Debug|Any CPU
		Release|Any CPU = Release|Any CPU
	EndGlobalSection
	GlobalSection(ProjectConfigurationPlatforms) = postSolution
		{304B57B3-3BE9-4081-8723-BEC4B17D32A5}.Debug|Any CPU.ActiveCfg = Debug|Any CPU
		{304B57B3-3BE9-4081-8723-BEC4B17D32A5}.Debug|Any CPU.Build.0 = Debug|Any CPU
		{304B57B3-3BE9-4081-8723-BEC4B17D32A5}.Release|Any CPU.ActiveCfg = Release|Any CPU
		{304B57B3-3BE9-4081-8723-BEC4B17D32A5}.Release|Any CPU.Build.0 = Release|Any CPU
		{9E74D0A7-1E4C-4E2A-8B80-C281565D494A}.Debug|Any CPU.ActiveCfg = Debug|Any CPU
		{9E74D0A7-1E4C-4E2A-8B80-C281565D494A}.Debug|Any CPU.Build.0 = Debug|Any CPU
		{9E74D0A7-1E4C-4E2A-8B80-C281565D494A}.Release|Any CPU.ActiveCfg = Release|Any CPU
		{9E74D0A7-1E4C-4E2A-8B80-C281565D494A}.Release|Any CPU.Build.0 = Release|Any CPU
	EndGlobalSection
	GlobalSection(SolutionProperties) = preSolution
		HideSolutionNode = FALSE
	EndGlobalSection
	GlobalSection(ExtensibilityGlobals) = postSolution
		SolutionGuid = {2492FC45-696D-4474-A69E-F5F53AD2B0A1}
	EndGlobalSection
EndGlobal
